
Microsoft Visual Studio Solution File, Format Version 12.00
# Visual Studio Version 17
VisualStudioVersion = 17.1.32407.343
MinimumVisualStudioVersion = 10.0.40219.1
Project("{FAE04EC0-301F-11D3-BF4B-00C04F79EFBC}") = "Vind_Konverter", "Vind Konverter\Vind_Konverter.csproj", "{9010A956-7E0E-45B2-B00E-8B335E89A360}"
EndProject
Global
	GlobalSection(SolutionConfigurationPlatforms) = preSolution
		Debug|Any CPU = Debug|Any CPU
		Release|Any CPU = Release|Any CPU
	EndGlobalSection
	GlobalSection(ProjectConfigurationPlatforms) = postSolution
		{9010A956-7E0E-45B2-B00E-8B335E89A360}.Debug|Any CPU.ActiveCfg = Debug|Any CPU
		{9010A956-7E0E-45B2-B00E-8B335E89A360}.Debug|Any CPU.Build.0 = Debug|Any CPU
		{9010A956-7E0E-45B2-B00E-8B335E89A360}.Release|Any CPU.ActiveCfg = Release|Any CPU
		{9010A956-7E0E-45B2-B00E-8B335E89A360}.Release|Any CPU.Build.0 = Release|Any CPU
	EndGlobalSection
	GlobalSection(SolutionProperties) = preSolution
		HideSolutionNode = FALSE
	EndGlobalSection
	GlobalSection(ExtensibilityGlobals) = postSolution
		SolutionGuid = {E7040921-DF99-4287-ACB0-204B7FFCE210}
	EndGlobalSection
EndGlobal
